github.com/catamat/secure v0.2.5 h1:ORU82l02PnIGM7Ov0p/3Ca0MnWcUfDGNRA7ngsnq9S4=
github.com/catamat/secure v0.2.5/go.mod h1:SxK/N/YwB6R2ozYJT0hSS4c2Ui42Zft4TmFm8XL/8Ng=
github.com/catamat/secure v0.3.0 h1:ejapmiiM4NZhyuot18tbOndaUO+am8RCEP5XVpPzifk=
github.com/catamat/secure v0.3.0/go.mod h1:/sDiLA9AysA9PvH+6YtQv63V3crtwi/LDw6LvCgf7wI=
golang.org/x/crypto v0.0.0-20220331220935-ae2d96664a29 h1:tkVvjkPTB7pnW3jnid7kNyAMPVWllTNOf/qKDze4p9o=
golang.org/x/crypto v0.0.0-20220331220935-ae2d96664a29/go.mod h1:IxCIyHEi3zRg3s0A5j5BB6A9Jmi73HwBIUl50j+osU4=
golang.org/x/crypto v0.50.0 h1:zO47/JPrL6vsNkINmLoo/PH1gcxpls50DNogFvB5ZGI=
golang.org/x/crypto v0.50.0/go.mod h1:3muZ7vA7PBCE6xgPX7nkzzjiUq87kRItoJQM1Yo8S+Q=
golang.org/x/sys v0.0.0-20210615035016-665e8c7367d1 h1:SrN+KX8Art/Sf4HNj6Zcz06G7VEz+7w9tdXTPOZ7+l4=
golang.org/x/sys v0.0.0-20210615035016-665e8c7367d1/go.mod h1:oPkhp1MJrh7nUepCBck5+mAzfO9JrbApNNgaTdGDITg=
golang.org/x/sys v0.43.0 h1:Rlag2XtaFTxp19wS8MXlJwTvoh8ArU6ezoyFsMyCTNI=
golang.org/x/sys v0.43.0/go.mod h1:4GL1E5IUh+htKOUEOaiffhrAeqysfVGipDYzABqnCmw=
